
Microsoft Visual Studio Solution File, Format Version 12.00
# Visual Studio Express 2012 for Windows Desktop
Project("{FAE04EC0-301F-11D3-BF4B-00C04F79EFBC}") = "ScreenFinderDotNet", "ScreenFinderDotNet\ScreenFinderDotNet.csproj", "{3AE34B35-4BA6-4D48-942C-5354AD78E256}"
EndProject
Global
	GlobalSection(SolutionConfigurationPlatforms) = preSolution
		Debug|Any CPU = Debug|Any CPU
		Release|Any CPU = Release|Any CPU
	EndGlobalSection
	GlobalSection(ProjectConfigurationPlatforms) = postSolution
		{3AE34B35-4BA6-4D48-942C-5354AD78E256}.Debug|Any CPU.ActiveCfg = Debug|Any CPU
		{3AE34B35-4BA6-4D48-942C-5354AD78E256}.Debug|Any CPU.Build.0 = Debug|Any CPU
		{3AE34B35-4BA6-4D48-942C-5354AD78E256}.Release|Any CPU.ActiveCfg = Release|Any CPU
		{3AE34B35-4BA6-4D48-942C-5354AD78E256}.Release|Any CPU.Build.0 = Release|Any CPU
	EndGlobalSection
	GlobalSection(SolutionProperties) = preSolution
		HideSolutionNode = FALSE
	EndGlobalSection
EndGlobal
